
Microsoft Visual Studio Solution File, Format Version 12.00
# Visual Studio 15
Project("{FAE04EC0-301F-11D3-BF4B-00C04F79EFBC}") = "Assembly-CSharp", "Assembly-CSharp.csproj", "{C135F859-2AD8-E7AB-0370-231861B48E54}"
EndProject
Project("{FAE04EC0-301F-11D3-BF4B-00C04F79EFBC}") = "Assembly-CSharp-Editor", "Assembly-CSharp-Editor.csproj", "{1024CD81-8288-5C67-2FCE-4D9961E97F91}"
EndProject
Global
	GlobalSection(SolutionConfigurationPlatforms) = preSolution
		Debug|Any CPU = Debug|Any CPU
		Release|Any CPU = Release|Any CPU
	EndGlobalSection
	GlobalSection(ProjectConfigurationPlatforms) = postSolution
		{C135F859-2AD8-E7AB-0370-231861B48E54}.Debug|Any CPU.ActiveCfg = Debug|Any CPU
		{C135F859-2AD8-E7AB-0370-231861B48E54}.Debug|Any CPU.Build.0 = Debug|Any CPU
		{C135F859-2AD8-E7AB-0370-231861B48E54}.Release|Any CPU.ActiveCfg = Release|Any CPU
		{C135F859-2AD8-E7AB-0370-231861B48E54}.Release|Any CPU.Build.0 = Release|Any CPU
		{1024CD81-8288-5C67-2FCE-4D9961E97F91}.Debug|Any CPU.ActiveCfg = Debug|Any CPU
		{1024CD81-8288-5C67-2FCE-4D9961E97F91}.Debug|Any CPU.Build.0 = Debug|Any CPU
		{1024CD81-8288-5C67-2FCE-4D9961E97F91}.Release|Any CPU.ActiveCfg = Release|Any CPU
		{1024CD81-8288-5C67-2FCE-4D9961E97F91}.Release|Any CPU.Build.0 = Release|Any CPU
	EndGlobalSection
	GlobalSection(SolutionProperties) = preSolution
		HideSolutionNode = FALSE
	EndGlobalSection
EndGlobal
